# This file is automatically @generated by Cargo.
# It is not intended for manual editing.
version = 3

[[package]]
name = "abc078"
version = "0.1.0"
dependencies = [
 "itertools 0.11.0",
 "proconio",
]

[[package]]
name = "abc105"
version = "0.1.0"
dependencies = [
 "itertools 0.11.0",
 "proconio",
]

[[package]]
name = "abc110"
version = "0.1.0"
dependencies = [
 "itertools 0.11.0",
 "proconio",
]

[[package]]
name = "abc126"
version = "0.1.0"
dependencies = [
 "itertools 0.11.0",
 "proconio",
]

[[package]]
name = "abc127"
version = "0.1.0"
dependencies = [
 "itertools 0.11.0",
 "proconio",
]

[[package]]
name = "abc128"
version = "0.1.0"
dependencies = [
 "itertools 0.11.0",
 "proconio",
]

[[package]]
name = "abc129"
version = "0.1.0"
dependencies = [
 "itertools 0.11.0",
 "proconio",
]

[[package]]
name = "abc130"
version = "0.1.0"
dependencies = [
 "itertools 0.11.0",
 "proconio",
]

[[package]]
name = "abc131"
version = "0.1.0"
dependencies = [
 "itertools 0.11.0",
 "proconio",
]

[[package]]
name = "abc132"
version = "0.1.0"
dependencies = [
 "itertools 0.11.0",
 "proconio",
]

[[package]]
name = "abc133"
version = "0.1.0"
dependencies = [
 "itertools 0.11.0",
 "proconio",
]

[[package]]
name = "abc134"
version = "0.1.0"
dependencies = [
 "itertools 0.11.0",
 "proconio",
]

[[package]]
name = "abc135"
version = "0.1.0"
dependencies = [
 "itertools 0.11.0",
 "proconio",
]

[[package]]
name = "abc136"
version = "0.1.0"
dependencies = [
 "itertools 0.11.0",
 "proconio",
]

[[package]]
name = "abc137"
version = "0.1.0"
dependencies = [
 "itertools 0.11.0",
 "proconio",
]

[[package]]
name = "abc138"
version = "0.1.0"
dependencies = [
 "itertools 0.11.0",
 "proconio",
]

[[package]]
name = "abc139"
version = "0.1.0"
dependencies = [
 "itertools 0.11.0",
 "proconio",
]

[[package]]
name = "abc140"
version = "0.1.0"
dependencies = [
 "itertools 0.11.0",
 "proconio",
]

[[package]]
name = "abc141"
version = "0.1.0"
dependencies = [
 "itertools 0.11.0",
 "proconio",
]

[[package]]
name = "abc142"
version = "0.1.0"
dependencies = [
 "itertools 0.11.0",
 "proconio",
]

[[package]]
name = "abc143"
version = "0.1.0"
dependencies = [
 "itertools 0.11.0",
 "proconio",
]

[[package]]
name = "abc144"
version = "0.1.0"
dependencies = [
 "itertools 0.11.0",
 "proconio",
]

[[package]]
name = "abc145"
version = "0.1.0"
dependencies = [
 "itertools 0.11.0",
 "proconio",
]

[[package]]
name = "abc146"
version = "0.1.0"
dependencies = [
 "itertools 0.11.0",
 "proconio",
]

[[package]]
name = "abc147"
version = "0.1.0"
dependencies = [
 "itertools 0.11.0",
 "proconio",
]

[[package]]
name = "abc148"
version = "0.1.0"
dependencies = [
 "itertools 0.11.0",
 "proconio",
]

[[package]]
name = "abc149"
version = "0.1.0"
dependencies = [
 "itertools 0.11.0",
 "proconio",
]

[[package]]
name = "abc150"
version = "0.1.0"
dependencies = [
 "itertools 0.11.0",
 "proconio",
]

[[package]]
name = "abc151"
version = "0.1.0"
dependencies = [
 "itertools 0.11.0",
 "proconio",
]

[[package]]
name = "abc152"
version = "0.1.0"
dependencies = [
 "itertools 0.11.0",
 "proconio",
]

[[package]]
name = "abc153"
version = "0.1.0"
dependencies = [
 "itertools 0.11.0",
 "proconio",
]

[[package]]
name = "abc154"
version = "0.1.0"
dependencies = [
 "itertools 0.11.0",
 "proconio",
]

[[package]]
name = "abc155"
version = "0.1.0"
dependencies = [
 "itertools 0.11.0",
 "proconio",
]

[[package]]
name = "abc156"
version = "0.1.0"
dependencies = [
 "itertools 0.11.0",
 "proconio",
]

[[package]]
name = "abc157"
version = "0.1.0"
dependencies = [
 "itertools 0.11.0",
 "proconio",
]

[[package]]
name = "abc158"
version = "0.1.0"
dependencies = [
 "itertools 0.11.0",
 "proconio",
]

[[package]]
name = "abc159"
version = "0.1.0"
dependencies = [
 "itertools 0.11.0",
 "proconio",
]

[[package]]
name = "abc160"
version = "0.1.0"
dependencies = [
 "itertools 0.11.0",
 "proconio",
]

[[package]]
name = "abc161"
version = "0.1.0"
dependencies = [
 "itertools 0.11.0",
 "proconio",
]

[[package]]
name = "abc162"
version = "0.1.0"
dependencies = [
 "itertools 0.11.0",
 "proconio",
]

[[package]]
name = "abc163"
version = "0.1.0"
dependencies = [
 "itertools 0.11.0",
 "proconio",
]

[[package]]
name = "abc164"
version = "0.1.0"
dependencies = [
 "itertools 0.11.0",
 "proconio",
]

[[package]]
name = "abc165"
version = "0.1.0"
dependencies = [
 "itertools 0.11.0",
 "proconio",
]

[[package]]
name = "abc166"
version = "0.1.0"
dependencies = [
 "itertools 0.11.0",
 "proconio",
]

[[package]]
name = "abc167"
version = "0.1.0"
dependencies = [
 "itertools 0.11.0",
 "proconio",
]

[[package]]
name = "abc168"
version = "0.1.0"
dependencies = [
 "itertools 0.11.0",
 "proconio",
]

[[package]]
name = "abc169"
version = "0.1.0"
dependencies = [
 "itertools 0.11.0",
 "proconio",
]

[[package]]
name = "abc170"
version = "0.1.0"
dependencies = [
 "itertools 0.11.0",
 "proconio",
]

[[package]]
name = "abc171"
version = "0.1.0"
dependencies = [
 "itertools 0.11.0",
 "proconio",
]

[[package]]
name = "abc172"
version = "0.1.0"
dependencies = [
 "itertools 0.11.0",
 "proconio",
]

[[package]]
name = "abc173"
version = "0.1.0"
dependencies = [
 "itertools 0.11.0",
 "proconio",
]

[[package]]
name = "abc174"
version = "0.1.0"
dependencies = [
 "itertools 0.11.0",
 "proconio",
]

[[package]]
name = "abc175"
version = "0.1.0"
dependencies = [
 "itertools 0.11.0",
 "proconio",
]

[[package]]
name = "abc176"
version = "0.1.0"
dependencies = [
 "itertools 0.11.0",
 "proconio",
]

[[package]]
name = "abc177"
version = "0.1.0"
dependencies = [
 "itertools 0.11.0",
 "proconio",
]

[[package]]
name = "abc178"
version = "0.1.0"
dependencies = [
 "itertools 0.11.0",
 "proconio",
]

[[package]]
name = "abc179"
version = "0.1.0"
dependencies = [
 "itertools 0.11.0",
 "proconio",
]

[[package]]
name = "abc180"
version = "0.1.0"
dependencies = [
 "itertools 0.11.0",
 "proconio",
]

[[package]]
name = "abc181"
version = "0.1.0"
dependencies = [
 "itertools 0.11.0",
 "proconio",
]

[[package]]
name = "abc182"
version = "0.1.0"
dependencies = [
 "itertools 0.11.0",
 "proconio",
]

[[package]]
name = "abc183"
version = "0.1.0"
dependencies = [
 "itertools 0.11.0",
 "proconio",
]

[[package]]
name = "abc184"
version = "0.1.0"
dependencies = [
 "itertools 0.11.0",
 "proconio",
]

[[package]]
name = "abc185"
version = "0.1.0"
dependencies = [
 "itertools 0.11.0",
 "proconio",
]

[[package]]
name = "abc186"
version = "0.1.0"
dependencies = [
 "itertools 0.11.0",
 "proconio",
]

[[package]]
name = "abc187"
version = "0.1.0"
dependencies = [
 "itertools 0.11.0",
 "proconio",
]

[[package]]
name = "abc188"
version = "0.1.0"
dependencies = [
 "itertools 0.11.0",
 "proconio",
]

[[package]]
name = "abc189"
version = "0.1.0"
dependencies = [
 "itertools 0.11.0",
 "proconio",
]

[[package]]
name = "abc190"
version = "0.1.0"
dependencies = [
 "itertools 0.11.0",
 "proconio",
]

[[package]]
name = "abc191"
version = "0.1.0"
dependencies = [
 "itertools 0.11.0",
 "proconio",
]

[[package]]
name = "abc192"
version = "0.1.0"
dependencies = [
 "itertools 0.11.0",
 "proconio",
]

[[package]]
name = "abc193"
version = "0.1.0"
dependencies = [
 "itertools 0.11.0",
 "proconio",
]

[[package]]
name = "abc194"
version = "0.1.0"
dependencies = [
 "itertools 0.11.0",
 "proconio",
]

[[package]]
name = "abc195"
version = "0.1.0"
dependencies = [
 "itertools 0.11.0",
 "proconio",
]

[[package]]
name = "abc196"
version = "0.1.0"
dependencies = [
 "itertools 0.11.0",
 "proconio",
]

[[package]]
name = "abc197"
version = "0.1.0"
dependencies = [
 "itertools 0.11.0",
 "proconio",
]

[[package]]
name = "abc198"
version = "0.1.0"
dependencies = [
 "itertools 0.11.0",
 "proconio",
]

[[package]]
name = "abc199"
version = "0.1.0"
dependencies = [
 "itertools 0.11.0",
 "proconio",
]

[[package]]
name = "abc200"
version = "0.1.0"
dependencies = [
 "itertools 0.11.0",
 "proconio",
]

[[package]]
name = "abc202"
version = "0.1.0"
dependencies = [
 "itertools 0.11.0",
 "proconio",
]

[[package]]
name = "abc203"
version = "0.1.0"
dependencies = [
 "itertools 0.11.0",
 "proconio",
]

[[package]]
name = "abc204"
version = "0.1.0"
dependencies = [
 "itertools 0.11.0",
 "proconio",
]

[[package]]
name = "abc205"
version = "0.1.0"
dependencies = [
 "itertools 0.11.0",
 "proconio",
]

[[package]]
name = "abc206"
version = "0.1.0"
dependencies = [
 "itertools 0.11.0",
 "proconio",
]

[[package]]
name = "abc207"
version = "0.1.0"
dependencies = [
 "itertools 0.11.0",
 "proconio",
]

[[package]]
name = "abc208"
version = "0.1.0"
dependencies = [
 "itertools 0.11.0",
 "proconio",
]

[[package]]
name = "abc209"
version = "0.1.0"
dependencies = [
 "itertools 0.11.0",
 "proconio",
]

[[package]]
name = "abc210"
version = "0.1.0"
dependencies = [
 "itertools 0.11.0",
 "proconio",
]

[[package]]
name = "abc211"
version = "0.1.0"
dependencies = [
 "itertools 0.11.0",
 "proconio",
]

[[package]]
name = "abc212"
version = "0.1.0"
dependencies = [
 "itertools 0.11.0",
 "proconio",
]

[[package]]
name = "abc213"
version = "0.1.0"
dependencies = [
 "itertools 0.11.0",
 "proconio",
]

[[package]]
name = "abc214"
version = "0.1.0"
dependencies = [
 "itertools 0.11.0",
 "proconio",
]

[[package]]
name = "abc215"
version = "0.1.0"
dependencies = [
 "itertools 0.11.0",
 "proconio",
]

[[package]]
name = "abc216"
version = "0.1.0"
dependencies = [
 "itertools 0.11.0",
 "proconio",
]

[[package]]
name = "abc218"
version = "0.1.0"
dependencies = [
 "itertools 0.11.0",
 "proconio",
]

[[package]]
name = "abc219"
version = "0.1.0"
dependencies = [
 "itertools 0.11.0",
 "proconio",
]

[[package]]
name = "abc220"
version = "0.1.0"
dependencies = [
 "itertools 0.11.0",
 "proconio",
]

[[package]]
name = "abc221"
version = "0.1.0"
dependencies = [
 "itertools 0.11.0",
 "proconio",
]

[[package]]
name = "abc222"
version = "0.1.0"
dependencies = [
 "itertools 0.11.0",
 "proconio",
]

[[package]]
name = "abc224"
version = "0.1.0"
dependencies = [
 "itertools 0.11.0",
 "proconio",
]

[[package]]
name = "abc225"
version = "0.1.0"
dependencies = [
 "itertools 0.11.0",
 "proconio",
]

[[package]]
name = "abc226"
version = "0.1.0"
dependencies = [
 "itertools 0.11.0",
 "proconio",
]

[[package]]
name = "abc227"
version = "0.1.0"
dependencies = [
 "itertools 0.11.0",
 "proconio",
]

[[package]]
name = "abc228"
version = "0.1.0"
dependencies = [
 "itertools 0.11.0",
 "proconio",
]

[[package]]
name = "abc230"
version = "0.1.0"
dependencies = [
 "itertools 0.11.0",
 "proconio",
]

[[package]]
name = "abc231"
version = "0.1.0"
dependencies = [
 "itertools 0.11.0",
 "proconio",
]

[[package]]
name = "abc232"
version = "0.1.0"
dependencies = [
 "itertools 0.11.0",
 "proconio",
]

[[package]]
name = "abc233"
version = "0.1.0"
dependencies = [
 "itertools 0.11.0",
 "proconio",
]

[[package]]
name = "abc234"
version = "0.1.0"
dependencies = [
 "itertools 0.11.0",
 "proconio",
]

[[package]]
name = "abc235"
version = "0.1.0"
dependencies = [
 "itertools 0.11.0",
 "proconio",
]

[[package]]
name = "abc236"
version = "0.1.0"
dependencies = [
 "itertools 0.11.0",
 "proconio",
]

[[package]]
name = "abc237"
version = "0.1.0"
dependencies = [
 "itertools 0.11.0",
 "proconio",
]

[[package]]
name = "abc238"
version = "0.1.0"
dependencies = [
 "itertools 0.11.0",
 "proconio",
]

[[package]]
name = "abc239"
version = "0.1.0"
dependencies = [
 "itertools 0.11.0",
 "proconio",
]

[[package]]
name = "abc240"
version = "0.1.0"
dependencies = [
 "itertools 0.11.0",
 "proconio",
]

[[package]]
name = "abc241"
version = "0.1.0"
dependencies = [
 "itertools 0.11.0",
 "proconio",
]

[[package]]
name = "abc242"
version = "0.1.0"
dependencies = [
 "itertools 0.11.0",
 "proconio",
]

[[package]]
name = "abc243"
version = "0.1.0"
dependencies = [
 "itertools 0.11.0",
 "proconio",
]

[[package]]
name = "abc244"
version = "0.1.0"
dependencies = [
 "itertools 0.11.0",
 "proconio",
]

[[package]]
name = "abc246"
version = "0.1.0"
dependencies = [
 "itertools 0.11.0",
 "proconio",
]

[[package]]
name = "abc247"
version = "0.1.0"
dependencies = [
 "itertools 0.11.0",
 "proconio",
]

[[package]]
name = "abc248"
version = "0.1.0"
dependencies = [
 "itertools 0.11.0",
 "proconio",
]

[[package]]
name = "abc250"
version = "0.1.0"
dependencies = [
 "itertools 0.11.0",
 "proconio",
]

[[package]]
name = "abc251"
version = "0.1.0"
dependencies = [
 "itertools 0.11.0",
 "proconio",
]

[[package]]
name = "abc252"
version = "0.1.0"
dependencies = [
 "itertools 0.11.0",
 "proconio",
]

[[package]]
name = "abc253"
version = "0.1.0"
dependencies = [
 "itertools 0.11.0",
 "proconio",
]

[[package]]
name = "abc254"
version = "0.1.0"
dependencies = [
 "itertools 0.11.0",
 "proconio",
]

[[package]]
name = "abc255"
version = "0.1.0"
dependencies = [
 "itertools 0.11.0",
 "proconio",
]

[[package]]
name = "abc256"
version = "0.1.0"
dependencies = [
 "itertools 0.11.0",
 "proconio",
]

[[package]]
name = "abc257"
version = "0.1.0"
dependencies = [
 "itertools 0.11.0",
 "proconio",
]

[[package]]
name = "abc258"
version = "0.1.0"
dependencies = [
 "itertools 0.11.0",
 "proconio",
]

[[package]]
name = "abc259"
version = "0.1.0"
dependencies = [
 "itertools 0.11.0",
 "proconio",
]

[[package]]
name = "abc260"
version = "0.1.0"
dependencies = [
 "itertools 0.11.0",
 "proconio",
]

[[package]]
name = "abc261"
version = "0.1.0"
dependencies = [
 "itertools 0.11.0",
 "proconio",
]

[[package]]
name = "abc262"
version = "0.1.0"
dependencies = [
 "itertools 0.11.0",
 "proconio",
]

[[package]]
name = "abc263"
version = "0.1.0"
dependencies = [
 "itertools 0.11.0",
 "proconio",
]

[[package]]
name = "abc264"
version = "0.1.0"
dependencies = [
 "itertools 0.11.0",
 "proconio",
]

[[package]]
name = "abc265"
version = "0.1.0"
dependencies = [
 "itertools 0.11.0",
 "proconio",
]

[[package]]
name = "abc266"
version = "0.1.0"
dependencies = [
 "itertools 0.11.0",
 "proconio",
]

[[package]]
name = "abc267"
version = "0.1.0"
dependencies = [
 "itertools 0.11.0",
 "proconio",
]

[[package]]
name = "abc268"
version = "0.1.0"
dependencies = [
 "itertools 0.11.0",
 "proconio",
]

[[package]]
name = "abc270"
version = "0.1.0"
dependencies = [
 "itertools 0.11.0",
 "proconio",
]

[[package]]
name = "abc271"
version = "0.1.0"
dependencies = [
 "itertools 0.11.0",
 "proconio",
]

[[package]]
name = "abc272"
version = "0.1.0"
dependencies = [
 "itertools 0.11.0",
 "proconio",
]

[[package]]
name = "abc273"
version = "0.1.0"
dependencies = [
 "itertools 0.11.0",
 "proconio",
]

[[package]]
name = "abc275"
version = "0.1.0"
dependencies = [
 "itertools 0.11.0",
 "proconio",
]

[[package]]
name = "abc276"
version = "0.1.0"
dependencies = [
 "itertools 0.11.0",
 "proconio",
]

[[package]]
name = "abc277"
version = "0.1.0"
dependencies = [
 "itertools 0.11.0",
 "proconio",
]

[[package]]
name = "abc278"
version = "0.1.0"
dependencies = [
 "itertools 0.11.0",
 "proconio",
]

[[package]]
name = "abc279"
version = "0.1.0"
dependencies = [
 "itertools 0.11.0",
 "proconio",
]

[[package]]
name = "abc280"
version = "0.1.0"
dependencies = [
 "itertools 0.11.0",
 "proconio",
]

[[package]]
name = "abc281"
version = "0.1.0"
dependencies = [
 "itertools 0.11.0",
 "proconio",
]

[[package]]
name = "abc282"
version = "0.1.0"
dependencies = [
 "ac-library-rs",
 "itertools 0.11.0",
 "proconio",
]

[[package]]
name = "abc283"
version = "0.1.0"
dependencies = [
 "itertools 0.11.0",
 "proconio",
]

[[package]]
name = "abc284"
version = "0.1.0"
dependencies = [
 "itertools 0.11.0",
 "proconio",
]

[[package]]
name = "abc285"
version = "0.1.0"
dependencies = [
 "itertools 0.11.0",
 "proconio",
]

[[package]]
name = "abc286"
version = "0.1.0"
dependencies = [
 "itertools 0.11.0",
 "proconio",
]

[[package]]
name = "abc287"
version = "0.1.0"
dependencies = [
 "itertools 0.11.0",
 "proconio",
]

[[package]]
name = "abc288"
version = "0.1.0"
dependencies = [
 "itertools 0.11.0",
 "proconio",
]

[[package]]
name = "abc289"
version = "0.1.0"
dependencies = [
 "itertools 0.11.0",
 "proconio",
]

[[package]]
name = "abc290"
version = "0.1.0"
dependencies = [
 "itertools 0.11.0",
 "proconio",
]

[[package]]
name = "abc291"
version = "0.1.0"
dependencies = [
 "itertools 0.11.0",
 "proconio",
]

[[package]]
name = "abc292"
version = "0.1.0"
dependencies = [
 "itertools 0.11.0",
 "proconio",
]

[[package]]
name = "abc293"
version = "0.1.0"
dependencies = [
 "itertools 0.11.0",
 "proconio",
]

[[package]]
name = "abc294"
version = "0.1.0"
dependencies = [
 "itertools 0.11.0",
 "proconio",
]

[[package]]
name = "abc295"
version = "0.1.0"
dependencies = [
 "itertools 0.11.0",
 "proconio",
]

[[package]]
name = "abc296"
version = "0.1.0"
dependencies = [
 "itertools 0.11.0",
 "proconio",
]

[[package]]
name = "abc297"
version = "0.1.0"
dependencies = [
 "itertools 0.9.0",
 "proconio",
]

[[package]]
name = "abc298"
version = "0.1.0"
dependencies = [
 "itertools 0.11.0",
 "proconio",
]

[[package]]
name = "abc299"
version = "0.1.0"
dependencies = [
 "itertools 0.9.0",
 "proconio",
]

[[package]]
name = "abc300"
version = "0.1.0"
dependencies = [
 "itertools 0.11.0",
 "proconio",
]

[[package]]
name = "abc305"
version = "0.1.0"
dependencies = [
 "ac-library-rs",
 "itertools 0.11.0",
 "proconio",
]

[[package]]
name = "abc306"
version = "0.1.0"
dependencies = [
 "itertools 0.11.0",
 "proconio",
]

[[package]]
name = "abc308"
version = "0.1.0"
dependencies = [
 "itertools 0.11.0",
 "proconio",
]

[[package]]
name = "abc310"
version = "0.1.0"
dependencies = [
 "itertools 0.9.0",
 "proconio",
]

[[package]]
name = "abc311"
version = "0.1.0"
dependencies = [
 "itertools 0.9.0",
 "proconio",
]

[[package]]
name = "abc313"
version = "0.1.0"
dependencies = [
 "itertools 0.11.0",
 "proconio",
]

[[package]]
name = "abc314"
version = "0.1.0"
dependencies = [
 "itertools 0.11.0",
 "proconio",
]

[[package]]
name = "abc315"
version = "0.1.0"
dependencies = [
 "itertools 0.11.0",
 "proconio",
]

[[package]]
name = "abc317"
version = "0.1.0"
dependencies = [
 "itertools 0.11.0",
 "proconio",
]

[[package]]
name = "abc318"
version = "0.1.0"
dependencies = [
 "itertools 0.11.0",
 "proconio",
]

[[package]]
name = "abc319"
version = "0.1.0"
dependencies = [
 "itertools 0.11.0",
 "proconio",
]

[[package]]
name = "abc322"
version = "0.1.0"
dependencies = [
 "itertools 0.11.0",
 "proconio",
]

[[package]]
name = "abc323"
version = "0.1.0"
dependencies = [
 "itertools 0.11.0",
 "proconio",
]

[[package]]
name = "abc327"
version = "0.1.0"
dependencies = [
 "itertools 0.11.0",
 "proconio",
]

[[package]]
name = "abc331"
version = "0.1.0"
dependencies = [
 "itertools 0.11.0",
 "proconio",
]

[[package]]
name = "abc332"
version = "0.1.0"
dependencies = [
 "itertools 0.11.0",
 "proconio",
]

[[package]]
name = "abc333"
version = "0.1.0"
dependencies = [
 "itertools 0.11.0",
 "proconio",
]

[[package]]
name = "abc334"
version = "0.1.0"
dependencies = [
 "ac-library-rs",
 "itertools 0.11.0",
 "proconio",
]

[[package]]
name = "abc335"
version = "0.1.0"
dependencies = [
 "itertools 0.11.0",
 "proconio",
]

[[package]]
name = "abc336"
version = "0.1.0"
dependencies = [
 "itertools 0.11.0",
 "proconio",
]

[[package]]
name = "abc337"
version = "0.1.0"
dependencies = [
 "itertools 0.11.0",
 "proconio",
]

[[package]]
name = "abc338"
version = "0.1.0"
dependencies = [
 "itertools 0.11.0",
 "proconio",
]

[[package]]
name = "abc339"
version = "0.1.0"
dependencies = [
 "ac-library-rs",
 "itertools 0.11.0",
 "proconio",
]

[[package]]
name = "abc340"
version = "0.1.0"
dependencies = [
 "itertools 0.11.0",
 "proconio",
]

[[package]]
name = "abc341"
version = "0.1.0"
dependencies = [
 "itertools 0.11.0",
 "proconio",
]

[[package]]
name = "abc342"
version = "0.1.0"
dependencies = [
 "itertools 0.11.0",
 "proconio",
]

[[package]]
name = "abc343"
version = "0.1.0"
dependencies = [
 "itertools 0.11.0",
 "proconio",
]

[[package]]
name = "abc344"
version = "0.1.0"
dependencies = [
 "itertools 0.11.0",
 "proconio",
]

[[package]]
name = "abc345"
version = "0.1.0"
dependencies = [
 "itertools 0.11.0",
 "proconio",
]

[[package]]
name = "abc346"
version = "0.1.0"
dependencies = [
 "itertools 0.11.0",
 "proconio",
]

[[package]]
name = "abc347"
version = "0.1.0"
dependencies = [
 "itertools 0.11.0",
 "proconio",
]

[[package]]
name = "abc348"
version = "0.1.0"
dependencies = [
 "itertools 0.11.0",
 "proconio",
]

[[package]]
name = "abc349"
version = "0.1.0"
dependencies = [
 "itertools 0.11.0",
 "proconio",
]

[[package]]
name = "abc350"
version = "0.1.0"
dependencies = [
 "itertools 0.11.0",
 "proconio",
]

[[package]]
name = "abc351"
version = "0.1.0"
dependencies = [
 "ac-library-rs",
 "itertools 0.11.0",
 "proconio",
]

[[package]]
name = "abc353"
version = "0.1.0"
dependencies = [
 "itertools 0.11.0",
 "proconio",
]

[[package]]
name = "abc354"
version = "0.1.0"
dependencies = [
 "ac-library-rs",
 "itertools 0.11.0",
 "proconio",
]

[[package]]
name = "abl"
version = "0.1.0"
dependencies = [
 "itertools 0.11.0",
 "proconio",
]

[[package]]
name = "ac-library-rs"
version = "0.1.1"
source = "registry+https://github.com/rust-lang/crates.io-index"
checksum = "09e1ead7b72f44698f97266946c0576d00c9e2010858f5aba47aa4660177ef73"

[[package]]
name = "agc031"
version = "0.1.0"
dependencies = [
 "ac-library-rs",
 "itertools 0.11.0",
 "proconio",
]

[[package]]
name = "agc063"
version = "0.1.0"
dependencies = [
 "itertools 0.11.0",
 "proconio",
]

[[package]]
name = "arc151"
version = "0.1.0"
dependencies = [
 "ac-library-rs",
 "itertools 0.11.0",
 "proconio",
]

[[package]]
name = "arc165"
version = "0.1.0"
dependencies = [
 "itertools 0.11.0",
 "proconio",
]

[[package]]
name = "arc167"
version = "0.1.0"
dependencies = [
 "itertools 0.11.0",
 "proconio",
]

[[package]]
name = "arc168"
version = "0.1.0"
dependencies = [
 "itertools 0.11.0",
 "proconio",
]

[[package]]
name = "arc172"
version = "0.1.0"
dependencies = [
 "ac-library-rs",
 "itertools 0.11.0",
 "proconio",
]

[[package]]
name = "arc176"
version = "0.1.0"
dependencies = [
 "itertools 0.11.0",
 "proconio",
]

[[package]]
name = "arc178"
version = "0.1.0"
dependencies = [
 "ac-library-rs",
 "itertools 0.11.0",
 "proconio",
]

[[package]]
name = "autocfg"
version = "1.1.0"
source = "registry+https://github.com/rust-lang/crates.io-index"
checksum = "d468802bab17cbc0cc575e9b053f41e72aa36bfa6b7f55e3529ffa43161b97fa"

[[package]]
name = "cargo-snippet"
version = "0.4.1"
source = "registry+https://github.com/rust-lang/crates.io-index"
checksum = "c15fa34efbe0c9078d39948d5591ab6bbf7440318c4c0d082575bc77a93b80e9"

[[package]]
name = "cfg-if"
version = "1.0.0"
source = "registry+https://github.com/rust-lang/crates.io-index"
checksum = "baf1de4339761588bc0619e3cbc0120ee582ebb74b53b4efbf79117bd2da40fd"

[[package]]
name = "dp"
version = "0.1.0"
dependencies = [
 "itertools 0.11.0",
 "proconio",
]

[[package]]
name = "either"
version = "1.9.0"
source = "registry+https://github.com/rust-lang/crates.io-index"
checksum = "a26ae43d7bcc3b814de94796a5e736d4029efb0ee900c12e2d54c993ad1a1e07"

[[package]]
name = "getrandom"
version = "0.2.12"
source = "registry+https://github.com/rust-lang/crates.io-index"
checksum = "190092ea657667030ac6a35e305e62fc4dd69fd98ac98631e5d3a2b1575a12b5"
dependencies = [
 "cfg-if",
 "libc",
 "wasi",
]

[[package]]
name = "itertools"
version = "0.9.0"
source = "registry+https://github.com/rust-lang/crates.io-index"
checksum = "284f18f85651fe11e8a991b2adb42cb078325c996ed026d994719efcfca1d54b"
dependencies = [
 "either",
]

[[package]]
name = "itertools"
version = "0.11.0"
source = "registry+https://github.com/rust-lang/crates.io-index"
checksum = "b1c173a5686ce8bfa551b3563d0c2170bf24ca44da99c7ca4bfdab5418c3fe57"
dependencies = [
 "either",
]

[[package]]
name = "libc"
version = "0.2.153"
source = "registry+https://github.com/rust-lang/crates.io-index"
checksum = "9c198f91728a82281a64e1f4f9eeb25d82cb32a5de251c6bd1b5154d63a8e7bd"

[[package]]
name = "num-bigint"
version = "0.4.4"
source = "registry+https://github.com/rust-lang/crates.io-index"
checksum = "608e7659b5c3d7cba262d894801b9ec9d00de989e8a82bd4bef91d08da45cdc0"
dependencies = [
 "autocfg",
 "num-integer",
 "num-traits",
]

[[package]]
name = "num-integer"
version = "0.1.46"
source = "registry+https://github.com/rust-lang/crates.io-index"
checksum = "7969661fd2958a5cb096e56c8e1ad0444ac2bbcd0061bd28660485a44879858f"
dependencies = [
 "num-traits",
]

[[package]]
name = "num-rational"
version = "0.4.1"
source = "registry+https://github.com/rust-lang/crates.io-index"
checksum = "0638a1c9d0a3c0914158145bc76cff373a75a627e6ecbfb71cbe6f453a5a19b0"
dependencies = [
 "autocfg",
 "num-bigint",
 "num-integer",
 "num-traits",
]

[[package]]
name = "num-traits"
version = "0.2.18"
source = "registry+https://github.com/rust-lang/crates.io-index"
checksum = "da0df0e5185db44f69b44f26786fe401b6c293d1907744beaa7fa62b2e5a517a"
dependencies = [
 "autocfg",
]

[[package]]
name = "ppv-lite86"
version = "0.2.17"
source = "registry+https://github.com/rust-lang/crates.io-index"
checksum = "5b40af805b3121feab8a3c29f04d8ad262fa8e0561883e7653e024ae4479e6de"

[[package]]
name = "practice"
version = "0.1.0"
dependencies = [
 "itertools 0.11.0",
 "proconio",
]

[[package]]
name = "practice2"
version = "0.1.0"
dependencies = [
 "ac-library-rs",
 "itertools 0.11.0",
 "proconio",
]

[[package]]
name = "proconio"
version = "0.4.5"
source = "registry+https://github.com/rust-lang/crates.io-index"
checksum = "0eb404616795079e2390e7115acf0ada24e9332e8476de2aada7bacb9992dc9e"

[[package]]
name = "rand"
version = "0.8.5"
source = "registry+https://github.com/rust-lang/crates.io-index"
checksum = "34af8d1a0e25924bc5b7c43c079c942339d8f0a8b57c39049bef581b46327404"
dependencies = [
 "libc",
 "rand_chacha",
 "rand_core",
]

[[package]]
name = "rand_chacha"
version = "0.3.1"
source = "registry+https://github.com/rust-lang/crates.io-index"
checksum = "e6c10a63a0fa32252be49d21e7709d4d4baf8d231c2dbce1eaa8141b9b127d88"
dependencies = [
 "ppv-lite86",
 "rand_core",
]

[[package]]
name = "rand_core"
version = "0.6.4"
source = "registry+https://github.com/rust-lang/crates.io-index"
checksum = "ec0be4795e2f6a28069bec0b5ff3e2ac9bafc99e6a9a7dc3547996c5c816922c"
dependencies = [
 "getrandom",
]

[[package]]
name = "snippet"
version = "0.1.0"
dependencies = [
 "cargo-snippet",
]

[[package]]
name = "tessoku-book"
version = "0.1.0"
dependencies = [
 "itertools 0.9.0",
 "num-rational",
 "proconio",
 "rand",
]

[[package]]
name = "wasi"
version = "0.11.0+wasi-snapshot-preview1"
source = "registry+https://github.com/rust-lang/crates.io-index"
checksum = "9c8d87e72b64a3b4db28d11ce29237c246188f4f51057d65a7eab63b7987e423"

[[package]]
name = "wtf22-day1-open"
version = "0.1.0"
dependencies = [
 "ac-library-rs",
 "itertools 0.11.0",
 "proconio",
]
